
Microsoft Visual Studio Solution File, Format Version 12.00
# Visual Studio 15
VisualStudioVersion = 15.0.27004.2005
MinimumVisualStudioVersion = 10.0.40219.1
Project("{FAE04EC0-301F-11D3-BF4B-00C04F79EFBC}") = "Codebase", "Codebase\Codebase.csproj", "{56444244-6764-4A65-A134-A6B75A49C371}"
EndProject
Global
	GlobalSection(SolutionConfigurationPlatforms) = preSolution
		Debug|Any CPU = Debug|Any CPU
		Release|Any CPU = Release|Any CPU
	EndGlobalSection
	GlobalSection(ProjectConfigurationPlatforms) = postSolution
		{56444244-6764-4A65-A134-A6B75A49C371}.Debug|Any CPU.ActiveCfg = Debug|Any CPU
		{56444244-6764-4A65-A134-A6B75A49C371}.Debug|Any CPU.Build.0 = Debug|Any CPU
		{56444244-6764-4A65-A134-A6B75A49C371}.Release|Any CPU.ActiveCfg = Release|Any CPU
		{56444244-6764-4A65-A134-A6B75A49C371}.Release|Any CPU.Build.0 = Release|Any CPU
	EndGlobalSection
	GlobalSection(SolutionProperties) = preSolution
		HideSolutionNode = FALSE
	EndGlobalSection
	GlobalSection(ExtensibilityGlobals) = postSolution
		SolutionGuid = {BD528F32-9497-46D0-AEAA-4F0DC2AF76FB}
	EndGlobalSection
EndGlobal
